
Microsoft Visual Studio Solution File, Format Version 12.00
# Visual Studio Version 17
VisualStudioVersion = 17.1.32228.430
MinimumVisualStudioVersion = 10.0.40219.1
Project("{2150E333-8FDC-42A3-9474-1A3956D46DE8}") = "Services", "Services", "{3EB1205C-17E5-4F14-9DD9-D04F8D5D7922}"
EndProject
Project("{2150E333-8FDC-42A3-9474-1A3956D46DE8}") = "Catalog", "Catalog", "{225F5B5E-263D-4C25-A016-84101617187E}"
EndProject
Project("{9A19103F-16F7-4668-BE54-9A1E7A4F7556}") = "Catalog.API", "services\catalog\Catalog.API\Catalog.API.csproj", "{04651405-511B-46FF-960A-265EC4C4EF20}"
EndProject
Project("{E53339B2-1760-4266-BCC7-CA923CBCF16C}") = "docker-compose", "docker-compose.dcproj", "{794B13B9-DBBD-48E6-B9DA-201194BEC3AF}"
EndProject
Project("{2150E333-8FDC-42A3-9474-1A3956D46DE8}") = "Basket", "Basket", "{9A993D52-884C-46A2-8E3F-667E9842A2C7}"
EndProject
Project("{FAE04EC0-301F-11D3-BF4B-00C04F79EFBC}") = "Basket.API", "services\basket\Basket.API\Basket.API.csproj", "{205D1CA2-56CA-4C2E-BE3A-C80A6C3212DC}"
EndProject
Project("{2150E333-8FDC-42A3-9474-1A3956D46DE8}") = "Discount", "Discount", "{B2EF0058-D5E3-4EF8-AEC6-23C6629E5AF4}"
EndProject
Project("{FAE04EC0-301F-11D3-BF4B-00C04F79EFBC}") = "Discount.API", "services\discount\Discount.API\Discount.API.csproj", "{324CAD40-AC28-4334-952F-689BD9E404BD}"
EndProject
Project("{FAE04EC0-301F-11D3-BF4B-00C04F79EFBC}") = "Discount.Grpc", "services\discount\Discount.Grpc\Discount.Grpc.csproj", "{B9804986-5B76-49E6-95DD-0726DCAB2A65}"
EndProject
Project("{2150E333-8FDC-42A3-9474-1A3956D46DE8}") = "Ordering", "Ordering", "{CDC253A7-EAED-41C8-852C-B2309F8D6A68}"
EndProject
Project("{FAE04EC0-301F-11D3-BF4B-00C04F79EFBC}") = "Ordering.API", "services\ordering\Ordering.API\Ordering.API.csproj", "{F57692BA-6E3F-47BB-814A-C103DF064468}"
EndProject
Project("{FAE04EC0-301F-11D3-BF4B-00C04F79EFBC}") = "Ordering.Domain", "services\ordering\Ordering.Domain\Ordering.Domain.csproj", "{49DC0395-C8B1-47B5-A21E-F792179E4584}"
EndProject
Project("{FAE04EC0-301F-11D3-BF4B-00C04F79EFBC}") = "Ordering.Application", "services\ordering\Ordering.Application\Ordering.Application.csproj", "{8C733F94-E39D-4DE9-A3B9-64EF2903A4A6}"
EndProject
Project("{FAE04EC0-301F-11D3-BF4B-00C04F79EFBC}") = "Ordering.Infrastructure", "services\ordering\Ordering.Infrastructure\Ordering.Infrastructure.csproj", "{F005D5CE-0809-4005-96BA-85CEDD2427E5}"
EndProject
Project("{2150E333-8FDC-42A3-9474-1A3956D46DE8}") = "BuildingBlocks", "BuildingBlocks", "{D8506B2B-81A9-4D63-B659-43C4C8D4527D}"
EndProject
Project("{FAE04EC0-301F-11D3-BF4B-00C04F79EFBC}") = "EventBus.Messages", "buildingBlocks\EventBus.Messages\EventBus.Messages.csproj", "{374F7A2E-7732-483C-967C-149BFC1EBD20}"
EndProject
Project("{2150E333-8FDC-42A3-9474-1A3956D46DE8}") = "ApiGateways", "ApiGateways", "{8BC3B96D-0EBB-4B61-B3DF-E76D8CE6512B}"
EndProject
Project("{FAE04EC0-301F-11D3-BF4B-00C04F79EFBC}") = "OcelotApiGw", "ApiGateways\OcelotApiGw\OcelotApiGw.csproj", "{8EEB148D-9BBA-48CF-AFB0-ACB1B89291D6}"
EndProject
Project("{FAE04EC0-301F-11D3-BF4B-00C04F79EFBC}") = "Shopping.Aggregator", "ApiGateways\Shopping.Aggregator\Shopping.Aggregator.csproj", "{33D87178-047D-4277-884A-D9F38D666EA8}"
EndProject
Global
	GlobalSection(SolutionConfigurationPlatforms) = preSolution
		Debug|Any CPU = Debug|Any CPU
		Release|Any CPU = Release|Any CPU
	EndGlobalSection
	GlobalSection(ProjectConfigurationPlatforms) = postSolution
		{04651405-511B-46FF-960A-265EC4C4EF20}.Debug|Any CPU.ActiveCfg = Debug|Any CPU
		{04651405-511B-46FF-960A-265EC4C4EF20}.Debug|Any CPU.Build.0 = Debug|Any CPU
		{04651405-511B-46FF-960A-265EC4C4EF20}.Release|Any CPU.ActiveCfg = Release|Any CPU
		{04651405-511B-46FF-960A-265EC4C4EF20}.Release|Any CPU.Build.0 = Release|Any CPU
		{794B13B9-DBBD-48E6-B9DA-201194BEC3AF}.Debug|Any CPU.ActiveCfg = Debug|Any CPU
		{794B13B9-DBBD-48E6-B9DA-201194BEC3AF}.Debug|Any CPU.Build.0 = Debug|Any CPU
		{794B13B9-DBBD-48E6-B9DA-201194BEC3AF}.Release|Any CPU.ActiveCfg = Release|Any CPU
		{794B13B9-DBBD-48E6-B9DA-201194BEC3AF}.Release|Any CPU.Build.0 = Release|Any CPU
		{205D1CA2-56CA-4C2E-BE3A-C80A6C3212DC}.Debug|Any CPU.ActiveCfg = Debug|Any CPU
		{205D1CA2-56CA-4C2E-BE3A-C80A6C3212DC}.Debug|Any CPU.Build.0 = Debug|Any CPU
		{205D1CA2-56CA-4C2E-BE3A-C80A6C3212DC}.Release|Any CPU.ActiveCfg = Release|Any CPU
		{205D1CA2-56CA-4C2E-BE3A-C80A6C3212DC}.Release|Any CPU.Build.0 = Release|Any CPU
		{324CAD40-AC28-4334-952F-689BD9E404BD}.Debug|Any CPU.ActiveCfg = Debug|Any CPU
		{324CAD40-AC28-4334-952F-689BD9E404BD}.Debug|Any CPU.Build.0 = Debug|Any CPU
		{324CAD40-AC28-4334-952F-689BD9E404BD}.Release|Any CPU.ActiveCfg = Release|Any CPU
		{324CAD40-AC28-4334-952F-689BD9E404BD}.Release|Any CPU.Build.0 = Release|Any CPU
		{B9804986-5B76-49E6-95DD-0726DCAB2A65}.Debug|Any CPU.ActiveCfg = Debug|Any CPU
		{B9804986-5B76-49E6-95DD-0726DCAB2A65}.Debug|Any CPU.Build.0 = Debug|Any CPU
		{B9804986-5B76-49E6-95DD-0726DCAB2A65}.Release|Any CPU.ActiveCfg = Release|Any CPU
		{B9804986-5B76-49E6-95DD-0726DCAB2A65}.Release|Any CPU.Build.0 = Release|Any CPU
		{F57692BA-6E3F-47BB-814A-C103DF064468}.Debug|Any CPU.ActiveCfg = Debug|Any CPU
		{F57692BA-6E3F-47BB-814A-C103DF064468}.Debug|Any CPU.Build.0 = Debug|Any CPU
		{F57692BA-6E3F-47BB-814A-C103DF064468}.Release|Any CPU.ActiveCfg = Release|Any CPU
		{F57692BA-6E3F-47BB-814A-C103DF064468}.Release|Any CPU.Build.0 = Release|Any CPU
		{49DC0395-C8B1-47B5-A21E-F792179E4584}.Debug|Any CPU.ActiveCfg = Debug|Any CPU
		{49DC0395-C8B1-47B5-A21E-F792179E4584}.Debug|Any CPU.Build.0 = Debug|Any CPU
		{49DC0395-C8B1-47B5-A21E-F792179E4584}.Release|Any CPU.ActiveCfg = Release|Any CPU
		{49DC0395-C8B1-47B5-A21E-F792179E4584}.Release|Any CPU.Build.0 = Release|Any CPU
		{8C733F94-E39D-4DE9-A3B9-64EF2903A4A6}.Debug|Any CPU.ActiveCfg = Debug|Any CPU
		{8C733F94-E39D-4DE9-A3B9-64EF2903A4A6}.Debug|Any CPU.Build.0 = Debug|Any CPU
		{8C733F94-E39D-4DE9-A3B9-64EF2903A4A6}.Release|Any CPU.ActiveCfg = Release|Any CPU
		{8C733F94-E39D-4DE9-A3B9-64EF2903A4A6}.Release|Any CPU.Build.0 = Release|Any CPU
		{F005D5CE-0809-4005-96BA-85CEDD2427E5}.Debug|Any CPU.ActiveCfg = Debug|Any CPU
		{F005D5CE-0809-4005-96BA-85CEDD2427E5}.Debug|Any CPU.Build.0 = Debug|Any CPU
		{F005D5CE-0809-4005-96BA-85CEDD2427E5}.Release|Any CPU.ActiveCfg = Release|Any CPU
		{F005D5CE-0809-4005-96BA-85CEDD2427E5}.Release|Any CPU.Build.0 = Release|Any CPU
		{374F7A2E-7732-483C-967C-149BFC1EBD20}.Debug|Any CPU.ActiveCfg = Debug|Any CPU
		{374F7A2E-7732-483C-967C-149BFC1EBD20}.Debug|Any CPU.Build.0 = Debug|Any CPU
		{374F7A2E-7732-483C-967C-149BFC1EBD20}.Release|Any CPU.ActiveCfg = Release|Any CPU
		{374F7A2E-7732-483C-967C-149BFC1EBD20}.Release|Any CPU.Build.0 = Release|Any CPU
		{8EEB148D-9BBA-48CF-AFB0-ACB1B89291D6}.Debug|Any CPU.ActiveCfg = Debug|Any CPU
		{8EEB148D-9BBA-48CF-AFB0-ACB1B89291D6}.Debug|Any CPU.Build.0 = Debug|Any CPU
		{8EEB148D-9BBA-48CF-AFB0-ACB1B89291D6}.Release|Any CPU.ActiveCfg = Release|Any CPU
		{8EEB148D-9BBA-48CF-AFB0-ACB1B89291D6}.Release|Any CPU.Build.0 = Release|Any CPU
		{33D87178-047D-4277-884A-D9F38D666EA8}.Debug|Any CPU.ActiveCfg = Debug|Any CPU
		{33D87178-047D-4277-884A-D9F38D666EA8}.Debug|Any CPU.Build.0 = Debug|Any CPU
		{33D87178-047D-4277-884A-D9F38D666EA8}.Release|Any CPU.ActiveCfg = Release|Any CPU
		{33D87178-047D-4277-884A-D9F38D666EA8}.Release|Any CPU.Build.0 = Release|Any CPU
	EndGlobalSection
	GlobalSection(SolutionProperties) = preSolution
		HideSolutionNode = FALSE
	EndGlobalSection
	GlobalSection(NestedProjects) = preSolution
		{225F5B5E-263D-4C25-A016-84101617187E} = {3EB1205C-17E5-4F14-9DD9-D04F8D5D7922}
		{04651405-511B-46FF-960A-265EC4C4EF20} = {225F5B5E-263D-4C25-A016-84101617187E}
		{9A993D52-884C-46A2-8E3F-667E9842A2C7} = {3EB1205C-17E5-4F14-9DD9-D04F8D5D7922}
		{205D1CA2-56CA-4C2E-BE3A-C80A6C3212DC} = {9A993D52-884C-46A2-8E3F-667E9842A2C7}
		{B2EF0058-D5E3-4EF8-AEC6-23C6629E5AF4} = {3EB1205C-17E5-4F14-9DD9-D04F8D5D7922}
		{324CAD40-AC28-4334-952F-689BD9E404BD} = {B2EF0058-D5E3-4EF8-AEC6-23C6629E5AF4}
		{B9804986-5B76-49E6-95DD-0726DCAB2A65} = {B2EF0058-D5E3-4EF8-AEC6-23C6629E5AF4}
		{CDC253A7-EAED-41C8-852C-B2309F8D6A68} = {3EB1205C-17E5-4F14-9DD9-D04F8D5D7922}
		{F57692BA-6E3F-47BB-814A-C103DF064468} = {CDC253A7-EAED-41C8-852C-B2309F8D6A68}
		{49DC0395-C8B1-47B5-A21E-F792179E4584} = {CDC253A7-EAED-41C8-852C-B2309F8D6A68}
		{8C733F94-E39D-4DE9-A3B9-64EF2903A4A6} = {CDC253A7-EAED-41C8-852C-B2309F8D6A68}
		{F005D5CE-0809-4005-96BA-85CEDD2427E5} = {CDC253A7-EAED-41C8-852C-B2309F8D6A68}
		{374F7A2E-7732-483C-967C-149BFC1EBD20} = {D8506B2B-81A9-4D63-B659-43C4C8D4527D}
		{8EEB148D-9BBA-48CF-AFB0-ACB1B89291D6} = {8BC3B96D-0EBB-4B61-B3DF-E76D8CE6512B}
		{33D87178-047D-4277-884A-D9F38D666EA8} = {8BC3B96D-0EBB-4B61-B3DF-E76D8CE6512B}
	EndGlobalSection
	GlobalSection(ExtensibilityGlobals) = postSolution
		SolutionGuid = {C8F527E9-AF4A-4760-A844-779D0BCABAD4}
	EndGlobalSection
EndGlobal
